
Microsoft Visual Studio Solution File, Format Version 12.00
# Visual Studio Version 17
VisualStudioVersion = 17.4.33122.133
MinimumVisualStudioVersion = 10.0.40219.1
Project("{FAE04EC0-301F-11D3-BF4B-00C04F79EFBC}") = "BigDeal", "BigDeal.csproj", "{2D12EB81-5565-4560-A29C-E384995BE60B}"
EndProject
Global
	GlobalSection(SolutionConfigurationPlatforms) = preSolution
		Debug|Any CPU = Debug|Any CPU
		Release|Any CPU = Release|Any CPU
	EndGlobalSection
	GlobalSection(ProjectConfigurationPlatforms) = postSolution
		{2D12EB81-5565-4560-A29C-E384995BE60B}.Debug|Any CPU.ActiveCfg = Debug|Any CPU
		{2D12EB81-5565-4560-A29C-E384995BE60B}.Debug|Any CPU.Build.0 = Debug|Any CPU
		{2D12EB81-5565-4560-A29C-E384995BE60B}.Release|Any CPU.ActiveCfg = Release|Any CPU
		{2D12EB81-5565-4560-A29C-E384995BE60B}.Release|Any CPU.Build.0 = Release|Any CPU
	EndGlobalSection
	GlobalSection(SolutionProperties) = preSolution
		HideSolutionNode = FALSE
	EndGlobalSection
	GlobalSection(ExtensibilityGlobals) = postSolution
		SolutionGuid = {A64CEA60-02C1-45F3-A8D1-3D7042073335}
	EndGlobalSection
EndGlobal
